
Microsoft Visual Studio Solution File, Format Version 12.00
# Visual Studio Version 17
VisualStudioVersion = 17.0.32112.339
MinimumVisualStudioVersion = 10.0.40219.1
Project("{FAE04EC0-301F-11D3-BF4B-00C04F79EFBC}") = "taskList", "taskList\taskList.csproj", "{254CF8B4-EBE4-4675-8EE1-D9DC6E060916}"
EndProject
Global
	GlobalSection(SolutionConfigurationPlatforms) = preSolution
		Debug|Any CPU = Debug|Any CPU
		Release|Any CPU = Release|Any CPU
	EndGlobalSection
	GlobalSection(ProjectConfigurationPlatforms) = postSolution
		{254CF8B4-EBE4-4675-8EE1-D9DC6E060916}.Debug|Any CPU.ActiveCfg = Debug|Any CPU
		{254CF8B4-EBE4-4675-8EE1-D9DC6E060916}.Debug|Any CPU.Build.0 = Debug|Any CPU
		{254CF8B4-EBE4-4675-8EE1-D9DC6E060916}.Release|Any CPU.ActiveCfg = Release|Any CPU
		{254CF8B4-EBE4-4675-8EE1-D9DC6E060916}.Release|Any CPU.Build.0 = Release|Any CPU
	EndGlobalSection
	GlobalSection(SolutionProperties) = preSolution
		HideSolutionNode = FALSE
	EndGlobalSection
	GlobalSection(ExtensibilityGlobals) = postSolution
		SolutionGuid = {0F9F2502-E2A7-4164-85D5-D7219BA8CFFB}
	EndGlobalSection
EndGlobal
